
Microsoft Visual Studio Solution File, Format Version 12.00
# Visual Studio Version 17
VisualStudioVersion = 17.7.34003.232
MinimumVisualStudioVersion = 10.0.40219.1
Project("{888888A0-9F3D-457C-B088-3A5042F75D52}") = "SMITE_dat", "SMITE_dat\SMITE_dat.pyproj", "{D740D26D-9E35-4F93-B448-534DEE19882E}"
EndProject
Project("{888888A0-9F3D-457C-B088-3A5042F75D52}") = "DiscordBot", "DiscordBot\DiscordBot.pyproj", "{F35C4322-10C0-4862-B2EC-F887D5A316BB}"
EndProject
Global
	GlobalSection(SolutionConfigurationPlatforms) = preSolution
		Debug|Any CPU = Debug|Any CPU
		Release|Any CPU = Release|Any CPU
	EndGlobalSection
	GlobalSection(ProjectConfigurationPlatforms) = postSolution
		{D740D26D-9E35-4F93-B448-534DEE19882E}.Debug|Any CPU.ActiveCfg = Debug|Any CPU
		{D740D26D-9E35-4F93-B448-534DEE19882E}.Release|Any CPU.ActiveCfg = Release|Any CPU
		{F35C4322-10C0-4862-B2EC-F887D5A316BB}.Debug|Any CPU.ActiveCfg = Debug|Any CPU
		{F35C4322-10C0-4862-B2EC-F887D5A316BB}.Release|Any CPU.ActiveCfg = Release|Any CPU
	EndGlobalSection
	GlobalSection(SolutionProperties) = preSolution
		HideSolutionNode = FALSE
	EndGlobalSection
	GlobalSection(ExtensibilityGlobals) = postSolution
		SolutionGuid = {24C8150D-BD95-40B2-BAE4-2AD0F2750D57}
	EndGlobalSection
EndGlobal
